
Microsoft Visual Studio Solution File, Format Version 12.00
# Visual Studio Version 16
VisualStudioVersion = 16.0.31019.35
MinimumVisualStudioVersion = 10.0.40219.1
Project("{9A19103F-16F7-4668-BE54-9A1E7A4F7556}") = "MLS.Api", "MLS.Api\MLS.Api.csproj", "{800A33A8-9374-4CDF-AAC3-F94810468F4E}"
EndProject
Project("{9A19103F-16F7-4668-BE54-9A1E7A4F7556}") = "MLS.Data", "MLS.Data\MLS.Data.csproj", "{CE6B7219-01EB-4D92-84C4-CFF409645A43}"
EndProject
Project("{2150E333-8FDC-42A3-9474-1A3956D46DE8}") = "src", "src", "{0E477A48-98F5-4BA5-AF19-39D49799F25A}"
EndProject
Project("{9A19103F-16F7-4668-BE54-9A1E7A4F7556}") = "MLS.EventPublisher", "MLS.EventPublisher\MLS.EventPublisher.csproj", "{A142231A-3BEA-4D52-9C0B-E009A1A6FC9D}"
EndProject
Project("{9A19103F-16F7-4668-BE54-9A1E7A4F7556}") = "MLS.Service", "MLS.Service\MLS.Service.csproj", "{9F843D6C-9B0C-4301-A21F-3C090E2948BD}"
EndProject
Global
	GlobalSection(SolutionConfigurationPlatforms) = preSolution
		Debug|Any CPU = Debug|Any CPU
		Release|Any CPU = Release|Any CPU
	EndGlobalSection
	GlobalSection(ProjectConfigurationPlatforms) = postSolution
		{800A33A8-9374-4CDF-AAC3-F94810468F4E}.Debug|Any CPU.ActiveCfg = Debug|Any CPU
		{800A33A8-9374-4CDF-AAC3-F94810468F4E}.Debug|Any CPU.Build.0 = Debug|Any CPU
		{800A33A8-9374-4CDF-AAC3-F94810468F4E}.Release|Any CPU.ActiveCfg = Release|Any CPU
		{800A33A8-9374-4CDF-AAC3-F94810468F4E}.Release|Any CPU.Build.0 = Release|Any CPU
		{CE6B7219-01EB-4D92-84C4-CFF409645A43}.Debug|Any CPU.ActiveCfg = Debug|Any CPU
		{CE6B7219-01EB-4D92-84C4-CFF409645A43}.Debug|Any CPU.Build.0 = Debug|Any CPU
		{CE6B7219-01EB-4D92-84C4-CFF409645A43}.Release|Any CPU.ActiveCfg = Release|Any CPU
		{CE6B7219-01EB-4D92-84C4-CFF409645A43}.Release|Any CPU.Build.0 = Release|Any CPU
		{A142231A-3BEA-4D52-9C0B-E009A1A6FC9D}.Debug|Any CPU.ActiveCfg = Debug|Any CPU
		{A142231A-3BEA-4D52-9C0B-E009A1A6FC9D}.Debug|Any CPU.Build.0 = Debug|Any CPU
		{A142231A-3BEA-4D52-9C0B-E009A1A6FC9D}.Release|Any CPU.ActiveCfg = Release|Any CPU
		{A142231A-3BEA-4D52-9C0B-E009A1A6FC9D}.Release|Any CPU.Build.0 = Release|Any CPU
		{9F843D6C-9B0C-4301-A21F-3C090E2948BD}.Debug|Any CPU.ActiveCfg = Debug|Any CPU
		{9F843D6C-9B0C-4301-A21F-3C090E2948BD}.Debug|Any CPU.Build.0 = Debug|Any CPU
		{9F843D6C-9B0C-4301-A21F-3C090E2948BD}.Release|Any CPU.ActiveCfg = Release|Any CPU
		{9F843D6C-9B0C-4301-A21F-3C090E2948BD}.Release|Any CPU.Build.0 = Release|Any CPU
	EndGlobalSection
	GlobalSection(SolutionProperties) = preSolution
		HideSolutionNode = FALSE
	EndGlobalSection
	GlobalSection(NestedProjects) = preSolution
		{800A33A8-9374-4CDF-AAC3-F94810468F4E} = {0E477A48-98F5-4BA5-AF19-39D49799F25A}
		{CE6B7219-01EB-4D92-84C4-CFF409645A43} = {0E477A48-98F5-4BA5-AF19-39D49799F25A}
		{A142231A-3BEA-4D52-9C0B-E009A1A6FC9D} = {0E477A48-98F5-4BA5-AF19-39D49799F25A}
		{9F843D6C-9B0C-4301-A21F-3C090E2948BD} = {0E477A48-98F5-4BA5-AF19-39D49799F25A}
	EndGlobalSection
	GlobalSection(ExtensibilityGlobals) = postSolution
		SolutionGuid = {692C575F-1317-4992-8B55-300CAB9C645A}
	EndGlobalSection
EndGlobal
